PODS:
  - UIViewControllerTransitions (2.0.0)

DEPENDENCIES:
  - UIViewControllerTransitions (from `../`)

EXTERNAL SOURCES:
  UIViewControllerTransitions:
    :path: ../

SPEC CHECKSUMS:
  UIViewControllerTransitions: ea42810e1d2441574b0b5254e2ea5cc822b221cb

PODFILE CHECKSUM: 95ed24ff60f6256aab943e76af4fb1cac0d7065c

COCOAPODS: 1.2.1
