PODS:
  - AnimatedTransitionKit (4.0.0)

DEPENDENCIES:
  - AnimatedTransitionKit (from `../`)

EXTERNAL SOURCES:
  AnimatedTransitionKit:
    :path: "../"

SPEC CHECKSUMS:
  AnimatedTransitionKit: f632954f5ae126f5a88149db014aa75d1098f6f6

PODFILE CHECKSUM: cfd905b6a73b2b51e76b492dc0d3d41931d673dc

COCOAPODS: 1.14.3
