// !$*UTF8*$!
{
	archiveVersion = 1;
	classes = {
	};
	objectVersion = 46;
	objects = {

/* Begin PBXBuildFile section */
		2345616A1F45B339001C512C /* AbstractAnimatedTransitioning.h in Headers */ = {isa = PBXBuildFile; fileRef = 234561441F45B339001C512C /* AbstractAnimatedTransitioning.h */; };
		2345616B1F45B339001C512C /* AbstractAnimatedTransitioning.m in Sources */ = {isa = PBXBuildFile; fileRef = 234561451F45B339001C512C /* AbstractAnimatedTransitioning.m */; };
		2345616C1F45B339001C512C /* AbstractInteractiveTransition.h in Headers */ = {isa = PBXBuildFile; fileRef = 234561461F45B339001C512C /* AbstractInteractiveTransition.h */; };
		2345616D1F45B339001C512C /* AbstractInteractiveTransition.m in Sources */ = {isa = PBXBuildFile; fileRef = 234561471F45B339001C512C /* AbstractInteractiveTransition.m */; };
		2345616E1F45B339001C512C /* AbstractTransition.h in Headers */ = {isa = PBXBuildFile; fileRef = 234561481F45B339001C512C /* AbstractTransition.h */; };
		2345616F1F45B339001C512C /* AbstractTransition.m in Sources */ = {isa = PBXBuildFile; fileRef = 234561491F45B339001C512C /* AbstractTransition.m */; };
		234561701F45B339001C512C /* AnimatedNavigationTransitioning.h in Headers */ = {isa = PBXBuildFile; fileRef = 2345614A1F45B339001C512C /* AnimatedNavigationTransitioning.h */; };
		234561711F45B339001C512C /* AnimatedNavigationTransitioning.m in Sources */ = {isa = PBXBuildFile; fileRef = 2345614B1F45B339001C512C /* AnimatedNavigationTransitioning.m */; };
		234561721F45B339001C512C /* AnimatedTransitioning.h in Headers */ = {isa = PBXBuildFile; fileRef = 2345614C1F45B339001C512C /* AnimatedTransitioning.h */; };
		234561731F45B339001C512C /* AnimatedTransitioning.m in Sources */ = {isa = PBXBuildFile; fileRef = 2345614D1F45B339001C512C /* AnimatedTransitioning.m */; };
		234561741F45B339001C512C /* DragDropTransition.h in Headers */ = {isa = PBXBuildFile; fileRef = 2345614E1F45B339001C512C /* DragDropTransition.h */; };
		234561751F45B339001C512C /* DragDropTransition.m in Sources */ = {isa = PBXBuildFile; fileRef = 2345614F1F45B339001C512C /* DragDropTransition.m */; };
		234561761F45B339001C512C /* DragDropTransitioning.h in Headers */ = {isa = PBXBuildFile; fileRef = 234561501F45B339001C512C /* DragDropTransitioning.h */; };
		234561771F45B339001C512C /* DragDropTransitioning.m in Sources */ = {isa = PBXBuildFile; fileRef = 234561511F45B339001C512C /* DragDropTransitioning.m */; };
		234561781F45B339001C512C /* FadeTransition.h in Headers */ = {isa = PBXBuildFile; fileRef = 234561521F45B339001C512C /* FadeTransition.h */; };
		234561791F45B339001C512C /* FadeTransition.m in Sources */ = {isa = PBXBuildFile; fileRef = 234561531F45B339001C512C /* FadeTransition.m */; };
		2345617A1F45B339001C512C /* FadeTransitioning.h in Headers */ = {isa = PBXBuildFile; fileRef = 234561541F45B339001C512C /* FadeTransitioning.h */; };
		2345617B1F45B339001C512C /* FadeTransitioning.m in Sources */ = {isa = PBXBuildFile; fileRef = 234561551F45B339001C512C /* FadeTransitioning.m */; };
		2345617C1F45B339001C512C /* MoveTransition.h in Headers */ = {isa = PBXBuildFile; fileRef = 234561561F45B339001C512C /* MoveTransition.h */; };
		2345617D1F45B339001C512C /* MoveTransition.m in Sources */ = {isa = PBXBuildFile; fileRef = 234561571F45B339001C512C /* MoveTransition.m */; };
		2345617E1F45B339001C512C /* MoveTransitioning.h in Headers */ = {isa = PBXBuildFile; fileRef = 234561581F45B339001C512C /* MoveTransitioning.h */; };
		2345617F1F45B339001C512C /* MoveTransitioning.m in Sources */ = {isa = PBXBuildFile; fileRef = 234561591F45B339001C512C /* MoveTransitioning.m */; };
		234561801F45B339001C512C /* NavigationMoveTransition.h in Headers */ = {isa = PBXBuildFile; fileRef = 2345615A1F45B339001C512C /* NavigationMoveTransition.h */; };
		234561811F45B339001C512C /* NavigationMoveTransition.m in Sources */ = {isa = PBXBuildFile; fileRef = 2345615B1F45B339001C512C /* NavigationMoveTransition.m */; };
		234561821F45B339001C512C /* NavigationMoveTransitioning.h in Headers */ = {isa = PBXBuildFile; fileRef = 2345615C1F45B339001C512C /* NavigationMoveTransitioning.h */; };
		234561831F45B339001C512C /* NavigationMoveTransitioning.m in Sources */ = {isa = PBXBuildFile; fileRef = 2345615D1F45B339001C512C /* NavigationMoveTransitioning.m */; };
		234561841F45B339001C512C /* NavigationPanningInteractiveTransition.h in Headers */ = {isa = PBXBuildFile; fileRef = 2345615E1F45B339001C512C /* NavigationPanningInteractiveTransition.h */; };
		234561851F45B339001C512C /* NavigationPanningInteractiveTransition.m in Sources */ = {isa = PBXBuildFile; fileRef = 2345615F1F45B339001C512C /* NavigationPanningInteractiveTransition.m */; };
		234561861F45B339001C512C /* PanningInteractiveTransition.h in Headers */ = {isa = PBXBuildFile; fileRef = 234561601F45B339001C512C /* PanningInteractiveTransition.h */; };
		234561871F45B339001C512C /* PanningInteractiveTransition.m in Sources */ = {isa = PBXBuildFile; fileRef = 234561611F45B339001C512C /* PanningInteractiveTransition.m */; };
		234561881F45B339001C512C /* UIMaskedImageView.h in Headers */ = {isa = PBXBuildFile; fileRef = 234561621F45B339001C512C /* UIMaskedImageView.h */; };
		234561891F45B339001C512C /* UIMaskedImageView.m in Sources */ = {isa = PBXBuildFile; fileRef = 234561631F45B339001C512C /* UIMaskedImageView.m */; };
		2345618A1F45B339001C512C /* UINavigationControllerTransition.h in Headers */ = {isa = PBXBuildFile; fileRef = 234561641F45B339001C512C /* UINavigationControllerTransition.h */; };
		2345618B1F45B339001C512C /* UINavigationControllerTransition.m in Sources */ = {isa = PBXBuildFile; fileRef = 234561651F45B339001C512C /* UINavigationControllerTransition.m */; };
		2345618C1F45B339001C512C /* UIViewControllerTransition.h in Headers */ = {isa = PBXBuildFile; fileRef = 234561661F45B339001C512C /* UIViewControllerTransition.h */; };
		2345618D1F45B339001C512C /* UIViewControllerTransition.m in Sources */ = {isa = PBXBuildFile; fileRef = 234561671F45B339001C512C /* UIViewControllerTransition.m */; };
		2345618E1F45B339001C512C /* UIViewControllerTransitions.h in Headers */ = {isa = PBXBuildFile; fileRef = 234561681F45B339001C512C /* UIViewControllerTransitions.h */; };
		2345618F1F45B339001C512C /* UIViewControllerTransitionsMacro.h in Headers */ = {isa = PBXBuildFile; fileRef = 234561691F45B339001C512C /* UIViewControllerTransitionsMacro.h */; };
		234A7CD01E4C623100DA1446 /* UIViewControllerTransitions.framework in Frameworks */ = {isa = PBXBuildFile; fileRef = 234A7CC61E4C623100DA1446 /* UIViewControllerTransitions.framework */; };
/* End PBXBuildFile section */

/* Begin PBXContainerItemProxy section */
		234A7CD11E4C623100DA1446 /* PBXContainerItemProxy */ = {
			isa = PBXContainerItemProxy;
			containerPortal = 234A7CBD1E4C623100DA1446 /* Project object */;
			proxyType = 1;
			remoteGlobalIDString = 234A7CC51E4C623100DA1446;
			remoteInfo = UIViewControllerTransitions;
		};
/* End PBXContainerItemProxy section */

/* Begin PBXFileReference section */
		234561441F45B339001C512C /* AbstractAnimatedTransitioning.h */ = {isa = PBXFileReference; fileEncoding = 4; lastKnownFileType = sourcecode.c.h; name = AbstractAnimatedTransitioning.h; path = Classes/AbstractAnimatedTransitioning.h; sourceTree = "<group>"; };
		234561451F45B339001C512C /* AbstractAnimatedTransitioning.m */ = {isa = PBXFileReference; fileEncoding = 4; lastKnownFileType = sourcecode.c.objc; name = AbstractAnimatedTransitioning.m; path = Classes/AbstractAnimatedTransitioning.m; sourceTree = "<group>"; };
		234561461F45B339001C512C /* AbstractInteractiveTransition.h */ = {isa = PBXFileReference; fileEncoding = 4; lastKnownFileType = sourcecode.c.h; name = AbstractInteractiveTransition.h; path = Classes/AbstractInteractiveTransition.h; sourceTree = "<group>"; };
		234561471F45B339001C512C /* AbstractInteractiveTransition.m */ = {isa = PBXFileReference; fileEncoding = 4; lastKnownFileType = sourcecode.c.objc; name = AbstractInteractiveTransition.m; path = Classes/AbstractInteractiveTransition.m; sourceTree = "<group>"; };
		234561481F45B339001C512C /* AbstractTransition.h */ = {isa = PBXFileReference; fileEncoding = 4; lastKnownFileType = sourcecode.c.h; name = AbstractTransition.h; path = Classes/AbstractTransition.h; sourceTree = "<group>"; };
		234561491F45B339001C512C /* AbstractTransition.m */ = {isa = PBXFileReference; fileEncoding = 4; lastKnownFileType = sourcecode.c.objc; name = AbstractTransition.m; path = Classes/AbstractTransition.m; sourceTree = "<group>"; };
		2345614A1F45B339001C512C /* AnimatedNavigationTransitioning.h */ = {isa = PBXFileReference; fileEncoding = 4; lastKnownFileType = sourcecode.c.h; name = AnimatedNavigationTransitioning.h; path = Classes/AnimatedNavigationTransitioning.h; sourceTree = "<group>"; };
		2345614B1F45B339001C512C /* AnimatedNavigationTransitioning.m */ = {isa = PBXFileReference; fileEncoding = 4; lastKnownFileType = sourcecode.c.objc; name = AnimatedNavigationTransitioning.m; path = Classes/AnimatedNavigationTransitioning.m; sourceTree = "<group>"; };
		2345614C1F45B339001C512C /* AnimatedTransitioning.h */ = {isa = PBXFileReference; fileEncoding = 4; lastKnownFileType = sourcecode.c.h; name = AnimatedTransitioning.h; path = Classes/AnimatedTransitioning.h; sourceTree = "<group>"; };
		2345614D1F45B339001C512C /* AnimatedTransitioning.m */ = {isa = PBXFileReference; fileEncoding = 4; lastKnownFileType = sourcecode.c.objc; name = AnimatedTransitioning.m; path = Classes/AnimatedTransitioning.m; sourceTree = "<group>"; };
		2345614E1F45B339001C512C /* DragDropTransition.h */ = {isa = PBXFileReference; fileEncoding = 4; lastKnownFileType = sourcecode.c.h; name = DragDropTransition.h; path = Classes/DragDropTransition.h; sourceTree = "<group>"; };
		2345614F1F45B339001C512C /* DragDropTransition.m */ = {isa = PBXFileReference; fileEncoding = 4; lastKnownFileType = sourcecode.c.objc; name = DragDropTransition.m; path = Classes/DragDropTransition.m; sourceTree = "<group>"; };
		234561501F45B339001C512C /* DragDropTransitioning.h */ = {isa = PBXFileReference; fileEncoding = 4; lastKnownFileType = sourcecode.c.h; name = DragDropTransitioning.h; path = Classes/DragDropTransitioning.h; sourceTree = "<group>"; };
		234561511F45B339001C512C /* DragDropTransitioning.m */ = {isa = PBXFileReference; fileEncoding = 4; lastKnownFileType = sourcecode.c.objc; name = DragDropTransitioning.m; path = Classes/DragDropTransitioning.m; sourceTree = "<group>"; };
		234561521F45B339001C512C /* FadeTransition.h */ = {isa = PBXFileReference; fileEncoding = 4; lastKnownFileType = sourcecode.c.h; name = FadeTransition.h; path = Classes/FadeTransition.h; sourceTree = "<group>"; };
		234561531F45B339001C512C /* FadeTransition.m */ = {isa = PBXFileReference; fileEncoding = 4; lastKnownFileType = sourcecode.c.objc; name = FadeTransition.m; path = Classes/FadeTransition.m; sourceTree = "<group>"; };
		234561541F45B339001C512C /* FadeTransitioning.h */ = {isa = PBXFileReference; fileEncoding = 4; lastKnownFileType = sourcecode.c.h; name = FadeTransitioning.h; path = Classes/FadeTransitioning.h; sourceTree = "<group>"; };
		234561551F45B339001C512C /* FadeTransitioning.m */ = {isa = PBXFileReference; fileEncoding = 4; lastKnownFileType = sourcecode.c.objc; name = FadeTransitioning.m; path = Classes/FadeTransitioning.m; sourceTree = "<group>"; };
		234561561F45B339001C512C /* MoveTransition.h */ = {isa = PBXFileReference; fileEncoding = 4; lastKnownFileType = sourcecode.c.h; name = MoveTransition.h; path = Classes/MoveTransition.h; sourceTree = "<group>"; };
		234561571F45B339001C512C /* MoveTransition.m */ = {isa = PBXFileReference; fileEncoding = 4; lastKnownFileType = sourcecode.c.objc; name = MoveTransition.m; path = Classes/MoveTransition.m; sourceTree = "<group>"; };
		234561581F45B339001C512C /* MoveTransitioning.h */ = {isa = PBXFileReference; fileEncoding = 4; lastKnownFileType = sourcecode.c.h; name = MoveTransitioning.h; path = Classes/MoveTransitioning.h; sourceTree = "<group>"; };
		234561591F45B339001C512C /* MoveTransitioning.m */ = {isa = PBXFileReference; fileEncoding = 4; lastKnownFileType = sourcecode.c.objc; name = MoveTransitioning.m; path = Classes/MoveTransitioning.m; sourceTree = "<group>"; };
		2345615A1F45B339001C512C /* NavigationMoveTransition.h */ = {isa = PBXFileReference; fileEncoding = 4; lastKnownFileType = sourcecode.c.h; name = NavigationMoveTransition.h; path = Classes/NavigationMoveTransition.h; sourceTree = "<group>"; };
		2345615B1F45B339001C512C /* NavigationMoveTransition.m */ = {isa = PBXFileReference; fileEncoding = 4; lastKnownFileType = sourcecode.c.objc; name = NavigationMoveTransition.m; path = Classes/NavigationMoveTransition.m; sourceTree = "<group>"; };
		2345615C1F45B339001C512C /* NavigationMoveTransitioning.h */ = {isa = PBXFileReference; fileEncoding = 4; lastKnownFileType = sourcecode.c.h; name = NavigationMoveTransitioning.h; path = Classes/NavigationMoveTransitioning.h; sourceTree = "<group>"; };
		2345615D1F45B339001C512C /* NavigationMoveTransitioning.m */ = {isa = PBXFileReference; fileEncoding = 4; lastKnownFileType = sourcecode.c.objc; name = NavigationMoveTransitioning.m; path = Classes/NavigationMoveTransitioning.m; sourceTree = "<group>"; };
		2345615E1F45B339001C512C /* NavigationPanningInteractiveTransition.h */ = {isa = PBXFileReference; fileEncoding = 4; lastKnownFileType = sourcecode.c.h; name = NavigationPanningInteractiveTransition.h; path = Classes/NavigationPanningInteractiveTransition.h; sourceTree = "<group>"; };
		2345615F1F45B339001C512C /* NavigationPanningInteractiveTransition.m */ = {isa = PBXFileReference; fileEncoding = 4; lastKnownFileType = sourcecode.c.objc; name = NavigationPanningInteractiveTransition.m; path = Classes/NavigationPanningInteractiveTransition.m; sourceTree = "<group>"; };
		234561601F45B339001C512C /* PanningInteractiveTransition.h */ = {isa = PBXFileReference; fileEncoding = 4; lastKnownFileType = sourcecode.c.h; name = PanningInteractiveTransition.h; path = Classes/PanningInteractiveTransition.h; sourceTree = "<group>"; };
		234561611F45B339001C512C /* PanningInteractiveTransition.m */ = {isa = PBXFileReference; fileEncoding = 4; lastKnownFileType = sourcecode.c.objc; name = PanningInteractiveTransition.m; path = Classes/PanningInteractiveTransition.m; sourceTree = "<group>"; };
		234561621F45B339001C512C /* UIMaskedImageView.h */ = {isa = PBXFileReference; fileEncoding = 4; lastKnownFileType = sourcecode.c.h; name = UIMaskedImageView.h; path = Classes/UIMaskedImageView.h; sourceTree = "<group>"; };
		234561631F45B339001C512C /* UIMaskedImageView.m */ = {isa = PBXFileReference; fileEncoding = 4; lastKnownFileType = sourcecode.c.objc; name = UIMaskedImageView.m; path = Classes/UIMaskedImageView.m; sourceTree = "<group>"; };
		234561641F45B339001C512C /* UINavigationControllerTransition.h */ = {isa = PBXFileReference; fileEncoding = 4; lastKnownFileType = sourcecode.c.h; name = UINavigationControllerTransition.h; path = Classes/UINavigationControllerTransition.h; sourceTree = "<group>"; };
		234561651F45B339001C512C /* UINavigationControllerTransition.m */ = {isa = PBXFileReference; fileEncoding = 4; lastKnownFileType = sourcecode.c.objc; name = UINavigationControllerTransition.m; path = Classes/UINavigationControllerTransition.m; sourceTree = "<group>"; };
		234561661F45B339001C512C /* UIViewControllerTransition.h */ = {isa = PBXFileReference; fileEncoding = 4; lastKnownFileType = sourcecode.c.h; name = UIViewControllerTransition.h; path = Classes/UIViewControllerTransition.h; sourceTree = "<group>"; };
		234561671F45B339001C512C /* UIViewControllerTransition.m */ = {isa = PBXFileReference; fileEncoding = 4; lastKnownFileType = sourcecode.c.objc; name = UIViewControllerTransition.m; path = Classes/UIViewControllerTransition.m; sourceTree = "<group>"; };
		234561681F45B339001C512C /* UIViewControllerTransitions.h */ = {isa = PBXFileReference; fileEncoding = 4; lastKnownFileType = sourcecode.c.h; name = UIViewControllerTransitions.h; path = Classes/UIViewControllerTransitions.h; sourceTree = "<group>"; };
		234561691F45B339001C512C /* UIViewControllerTransitionsMacro.h */ = {isa = PBXFileReference; fileEncoding = 4; lastKnownFileType = sourcecode.c.h; name = UIViewControllerTransitionsMacro.h; path = Classes/UIViewControllerTransitionsMacro.h; sourceTree = "<group>"; };
		234A7CC61E4C623100DA1446 /* UIViewControllerTransitions.framework */ = {isa = PBXFileReference; explicitFileType = wrapper.framework; includeInIndex = 0; path = UIViewControllerTransitions.framework; sourceTree = BUILT_PRODUCTS_DIR; };
		234A7CCF1E4C623100DA1446 /* UIViewControllerTransitionsTests.xctest */ = {isa = PBXFileReference; explicitFileType = wrapper.cfbundle; includeInIndex = 0; path = UIViewControllerTransitionsTests.xctest; sourceTree = BUILT_PRODUCTS_DIR; };
		23B336031E4C7A86008AA055 /* Info.plist */ = {isa = PBXFileReference; lastKnownFileType = text.plist.xml; path = Info.plist; sourceTree = "<group>"; };
/* End PBXFileReference section */

/* Begin PBXFrameworksBuildPhase section */
		234A7CC21E4C623100DA1446 /* Frameworks */ = {
			isa = PBXFrameworksBuildPhase;
			buildActionMask = 2147483647;
			files = (
			);
			runOnlyForDeploymentPostprocessing = 0;
		};
		234A7CCC1E4C623100DA1446 /* Frameworks */ = {
			isa = PBXFrameworksBuildPhase;
			buildActionMask = 2147483647;
			files = (
				234A7CD01E4C623100DA1446 /* UIViewControllerTransitions.framework in Frameworks */,
			);
			runOnlyForDeploymentPostprocessing = 0;
		};
/* End PBXFrameworksBuildPhase section */

/* Begin PBXGroup section */
		234A7CBC1E4C623100DA1446 = {
			isa = PBXGroup;
			children = (
				234A7CC81E4C623100DA1446 /* UIViewControllerTransitions */,
				234A7CC71E4C623100DA1446 /* Products */,
			);
			sourceTree = "<group>";
		};
		234A7CC71E4C623100DA1446 /* Products */ = {
			isa = PBXGroup;
			children = (
				234A7CC61E4C623100DA1446 /* UIViewControllerTransitions.framework */,
				234A7CCF1E4C623100DA1446 /* UIViewControllerTransitionsTests.xctest */,
			);
			name = Products;
			sourceTree = "<group>";
		};
		234A7CC81E4C623100DA1446 /* UIViewControllerTransitions */ = {
			isa = PBXGroup;
			children = (
				234561441F45B339001C512C /* AbstractAnimatedTransitioning.h */,
				234561451F45B339001C512C /* AbstractAnimatedTransitioning.m */,
				234561461F45B339001C512C /* AbstractInteractiveTransition.h */,
				234561471F45B339001C512C /* AbstractInteractiveTransition.m */,
				234561481F45B339001C512C /* AbstractTransition.h */,
				234561491F45B339001C512C /* AbstractTransition.m */,
				2345614A1F45B339001C512C /* AnimatedNavigationTransitioning.h */,
				2345614B1F45B339001C512C /* AnimatedNavigationTransitioning.m */,
				2345614C1F45B339001C512C /* AnimatedTransitioning.h */,
				2345614D1F45B339001C512C /* AnimatedTransitioning.m */,
				2345614E1F45B339001C512C /* DragDropTransition.h */,
				2345614F1F45B339001C512C /* DragDropTransition.m */,
				234561501F45B339001C512C /* DragDropTransitioning.h */,
				234561511F45B339001C512C /* DragDropTransitioning.m */,
				234561521F45B339001C512C /* FadeTransition.h */,
				234561531F45B339001C512C /* FadeTransition.m */,
				234561541F45B339001C512C /* FadeTransitioning.h */,
				234561551F45B339001C512C /* FadeTransitioning.m */,
				234561561F45B339001C512C /* MoveTransition.h */,
				234561571F45B339001C512C /* MoveTransition.m */,
				234561581F45B339001C512C /* MoveTransitioning.h */,
				234561591F45B339001C512C /* MoveTransitioning.m */,
				2345615A1F45B339001C512C /* NavigationMoveTransition.h */,
				2345615B1F45B339001C512C /* NavigationMoveTransition.m */,
				2345615C1F45B339001C512C /* NavigationMoveTransitioning.h */,
				2345615D1F45B339001C512C /* NavigationMoveTransitioning.m */,
				2345615E1F45B339001C512C /* NavigationPanningInteractiveTransition.h */,
				2345615F1F45B339001C512C /* NavigationPanningInteractiveTransition.m */,
				234561601F45B339001C512C /* PanningInteractiveTransition.h */,
				234561611F45B339001C512C /* PanningInteractiveTransition.m */,
				234561621F45B339001C512C /* UIMaskedImageView.h */,
				234561631F45B339001C512C /* UIMaskedImageView.m */,
				234561641F45B339001C512C /* UINavigationControllerTransition.h */,
				234561651F45B339001C512C /* UINavigationControllerTransition.m */,
				234561661F45B339001C512C /* UIViewControllerTransition.h */,
				234561671F45B339001C512C /* UIViewControllerTransition.m */,
				234561681F45B339001C512C /* UIViewControllerTransitions.h */,
				234561691F45B339001C512C /* UIViewControllerTransitionsMacro.h */,
				23B336031E4C7A86008AA055 /* Info.plist */,
			);
			path = UIViewControllerTransitions;
			sourceTree = "<group>";
		};
/* End PBXGroup section */

/* Begin PBXHeadersBuildPhase section */
		234A7CC31E4C623100DA1446 /* Headers */ = {
			isa = PBXHeadersBuildPhase;
			buildActionMask = 2147483647;
			files = (
				2345617E1F45B339001C512C /* MoveTransitioning.h in Headers */,
				234561741F45B339001C512C /* DragDropTransition.h in Headers */,
				234561861F45B339001C512C /* PanningInteractiveTransition.h in Headers */,
				2345617A1F45B339001C512C /* FadeTransitioning.h in Headers */,
				234561781F45B339001C512C /* FadeTransition.h in Headers */,
				2345616C1F45B339001C512C /* AbstractInteractiveTransition.h in Headers */,
				234561701F45B339001C512C /* AnimatedNavigationTransitioning.h in Headers */,
				234561721F45B339001C512C /* AnimatedTransitioning.h in Headers */,
				234561761F45B339001C512C /* DragDropTransitioning.h in Headers */,
				2345618F1F45B339001C512C /* UIViewControllerTransitionsMacro.h in Headers */,
				234561841F45B339001C512C /* NavigationPanningInteractiveTransition.h in Headers */,
				2345618C1F45B339001C512C /* UIViewControllerTransition.h in Headers */,
				234561881F45B339001C512C /* UIMaskedImageView.h in Headers */,
				2345618A1F45B339001C512C /* UINavigationControllerTransition.h in Headers */,
				2345616E1F45B339001C512C /* AbstractTransition.h in Headers */,
				2345617C1F45B339001C512C /* MoveTransition.h in Headers */,
				234561821F45B339001C512C /* NavigationMoveTransitioning.h in Headers */,
				234561801F45B339001C512C /* NavigationMoveTransition.h in Headers */,
				2345618E1F45B339001C512C /* UIViewControllerTransitions.h in Headers */,
				2345616A1F45B339001C512C /* AbstractAnimatedTransitioning.h in Headers */,
			);
			runOnlyForDeploymentPostprocessing = 0;
		};
/* End PBXHeadersBuildPhase section */

/* Begin PBXNativeTarget section */
		234A7CC51E4C623100DA1446 /* UIViewControllerTransitions */ = {
			isa = PBXNativeTarget;
			buildConfigurationList = 234A7CDA1E4C623100DA1446 /* Build configuration list for PBXNativeTarget "UIViewControllerTransitions" */;
			buildPhases = (
				234A7CC11E4C623100DA1446 /* Sources */,
				234A7CC21E4C623100DA1446 /* Frameworks */,
				234A7CC31E4C623100DA1446 /* Headers */,
				234A7CC41E4C623100DA1446 /* Resources */,
			);
			buildRules = (
			);
			dependencies = (
			);
			name = UIViewControllerTransitions;
			productName = UIViewControllerTransitions;
			productReference = 234A7CC61E4C623100DA1446 /* UIViewControllerTransitions.framework */;
			productType = "com.apple.product-type.framework";
		};
		234A7CCE1E4C623100DA1446 /* UIViewControllerTransitionsTests */ = {
			isa = PBXNativeTarget;
			buildConfigurationList = 234A7CDD1E4C623100DA1446 /* Build configuration list for PBXNativeTarget "UIViewControllerTransitionsTests" */;
			buildPhases = (
				234A7CCB1E4C623100DA1446 /* Sources */,
				234A7CCC1E4C623100DA1446 /* Frameworks */,
				234A7CCD1E4C623100DA1446 /* Resources */,
			);
			buildRules = (
			);
			dependencies = (
				234A7CD21E4C623100DA1446 /* PBXTargetDependency */,
			);
			name = UIViewControllerTransitionsTests;
			productName = UIViewControllerTransitionsTests;
			productReference = 234A7CCF1E4C623100DA1446 /* UIViewControllerTransitionsTests.xctest */;
			productType = "com.apple.product-type.bundle.unit-test";
		};
/* End PBXNativeTarget section */

/* Begin PBXProject section */
		234A7CBD1E4C623100DA1446 /* Project object */ = {
			isa = PBXProject;
			attributes = {
				LastUpgradeCheck = 0820;
				ORGANIZATIONNAME = pisces;
				TargetAttributes = {
					234A7CC51E4C623100DA1446 = {
						CreatedOnToolsVersion = 8.2.1;
						LastSwiftMigration = 0830;
						ProvisioningStyle = Automatic;
					};
					234A7CCE1E4C623100DA1446 = {
						CreatedOnToolsVersion = 8.2.1;
						ProvisioningStyle = Automatic;
					};
				};
			};
			buildConfigurationList = 234A7CC01E4C623100DA1446 /* Build configuration list for PBXProject "UIViewControllerTransitions" */;
			compatibilityVersion = "Xcode 3.2";
			developmentRegion = English;
			hasScannedForEncodings = 0;
			knownRegions = (
				en,
			);
			mainGroup = 234A7CBC1E4C623100DA1446;
			productRefGroup = 234A7CC71E4C623100DA1446 /* Products */;
			projectDirPath = "";
			projectRoot = "";
			targets = (
				234A7CC51E4C623100DA1446 /* UIViewControllerTransitions */,
				234A7CCE1E4C623100DA1446 /* UIViewControllerTransitionsTests */,
			);
		};
/* End PBXProject section */

/* Begin PBXResourcesBuildPhase section */
		234A7CC41E4C623100DA1446 /* Resources */ = {
			isa = PBXResourcesBuildPhase;
			buildActionMask = 2147483647;
			files = (
			);
			runOnlyForDeploymentPostprocessing = 0;
		};
		234A7CCD1E4C623100DA1446 /* Resources */ = {
			isa = PBXResourcesBuildPhase;
			buildActionMask = 2147483647;
			files = (
			);
			runOnlyForDeploymentPostprocessing = 0;
		};
/* End PBXResourcesBuildPhase section */

/* Begin PBXSourcesBuildPhase section */
		234A7CC11E4C623100DA1446 /* Sources */ = {
			isa = PBXSourcesBuildPhase;
			buildActionMask = 2147483647;
			files = (
				234561711F45B339001C512C /* AnimatedNavigationTransitioning.m in Sources */,
				234561771F45B339001C512C /* DragDropTransitioning.m in Sources */,
				2345618B1F45B339001C512C /* UINavigationControllerTransition.m in Sources */,
				2345617F1F45B339001C512C /* MoveTransitioning.m in Sources */,
				234561751F45B339001C512C /* DragDropTransition.m in Sources */,
				2345618D1F45B339001C512C /* UIViewControllerTransition.m in Sources */,
				2345617D1F45B339001C512C /* MoveTransition.m in Sources */,
				234561851F45B339001C512C /* NavigationPanningInteractiveTransition.m in Sources */,
				2345616B1F45B339001C512C /* AbstractAnimatedTransitioning.m in Sources */,
				234561831F45B339001C512C /* NavigationMoveTransitioning.m in Sources */,
				234561731F45B339001C512C /* AnimatedTransitioning.m in Sources */,
				2345616D1F45B339001C512C /* AbstractInteractiveTransition.m in Sources */,
				234561791F45B339001C512C /* FadeTransition.m in Sources */,
				2345617B1F45B339001C512C /* FadeTransitioning.m in Sources */,
				234561871F45B339001C512C /* PanningInteractiveTransition.m in Sources */,
				2345616F1F45B339001C512C /* AbstractTransition.m in Sources */,
				234561811F45B339001C512C /* NavigationMoveTransition.m in Sources */,
				234561891F45B339001C512C /* UIMaskedImageView.m in Sources */,
			);
			runOnlyForDeploymentPostprocessing = 0;
		};
		234A7CCB1E4C623100DA1446 /* Sources */ = {
			isa = PBXSourcesBuildPhase;
			buildActionMask = 2147483647;
			files = (
			);
			runOnlyForDeploymentPostprocessing = 0;
		};
/* End PBXSourcesBuildPhase section */

/* Begin PBXTargetDependency section */
		234A7CD21E4C623100DA1446 /* PBXTargetDependency */ = {
			isa = PBXTargetDependency;
			target = 234A7CC51E4C623100DA1446 /* UIViewControllerTransitions */;
			targetProxy = 234A7CD11E4C623100DA1446 /* PBXContainerItemProxy */;
		};
/* End PBXTargetDependency section */

/* Begin XCBuildConfiguration section */
		234A7CD81E4C623100DA1446 /* Debug */ = {
			isa = XCBuildConfiguration;
			buildSettings = {
				ALWAYS_SEARCH_USER_PATHS = NO;
				CLANG_ANALYZER_NONNULL = YES;
				CLANG_CXX_LANGUAGE_STANDARD = "gnu++0x";
				CLANG_CXX_LIBRARY = "libc++";
				CLANG_ENABLE_MODULES = YES;
				CLANG_ENABLE_OBJC_ARC = YES;
				CLANG_WARN_BOOL_CONVERSION = YES;
				CLANG_WARN_CONSTANT_CONVERSION = YES;
				CLANG_WARN_DIRECT_OBJC_ISA_USAGE = YES_ERROR;
				CLANG_WARN_DOCUMENTATION_COMMENTS = YES;
				CLANG_WARN_EMPTY_BODY = YES;
				CLANG_WARN_ENUM_CONVERSION = YES;
				CLANG_WARN_INFINITE_RECURSION = YES;
				CLANG_WARN_INT_CONVERSION = YES;
				CLANG_WARN_OBJC_ROOT_CLASS = YES_ERROR;
				CLANG_WARN_SUSPICIOUS_MOVE = YES;
				CLANG_WARN_UNREACHABLE_CODE = YES;
				CLANG_WARN__DUPLICATE_METHOD_MATCH = YES;
				"CODE_SIGN_IDENTITY[sdk=iphoneos*]" = "iPhone Developer";
				COPY_PHASE_STRIP = NO;
				CURRENT_PROJECT_VERSION = 1;
				DEBUG_INFORMATION_FORMAT = dwarf;
				ENABLE_STRICT_OBJC_MSGSEND = YES;
				ENABLE_TESTABILITY = YES;
				GCC_C_LANGUAGE_STANDARD = gnu99;
				GCC_DYNAMIC_NO_PIC = NO;
				GCC_NO_COMMON_BLOCKS = YES;
				GCC_OPTIMIZATION_LEVEL = 0;
				GCC_PREPROCESSOR_DEFINITIONS = (
					"DEBUG=1",
					"$(inherited)",
				);
				GCC_WARN_64_TO_32_BIT_CONVERSION = YES;
				GCC_WARN_ABOUT_RETURN_TYPE = YES_ERROR;
				GCC_WARN_UNDECLARED_SELECTOR = YES;
				GCC_WARN_UNINITIALIZED_AUTOS = YES_AGGRESSIVE;
				GCC_WARN_UNUSED_FUNCTION = YES;
				GCC_WARN_UNUSED_VARIABLE = YES;
				IPHONEOS_DEPLOYMENT_TARGET = 10.2;
				MTL_ENABLE_DEBUG_INFO = YES;
				ONLY_ACTIVE_ARCH = YES;
				SDKROOT = iphoneos;
				TARGETED_DEVICE_FAMILY = "1,2";
				VERSIONING_SYSTEM = "apple-generic";
				VERSION_INFO_PREFIX = "";
			};
			name = Debug;
		};
		234A7CD91E4C623100DA1446 /* Release */ = {
			isa = XCBuildConfiguration;
			buildSettings = {
				ALWAYS_SEARCH_USER_PATHS = NO;
				CLANG_ANALYZER_NONNULL = YES;
				CLANG_CXX_LANGUAGE_STANDARD = "gnu++0x";
				CLANG_CXX_LIBRARY = "libc++";
				CLANG_ENABLE_MODULES = YES;
				CLANG_ENABLE_OBJC_ARC = YES;
				CLANG_WARN_BOOL_CONVERSION = YES;
				CLANG_WARN_CONSTANT_CONVERSION = YES;
				CLANG_WARN_DIRECT_OBJC_ISA_USAGE = YES_ERROR;
				CLANG_WARN_DOCUMENTATION_COMMENTS = YES;
				CLANG_WARN_EMPTY_BODY = YES;
				CLANG_WARN_ENUM_CONVERSION = YES;
				CLANG_WARN_INFINITE_RECURSION = YES;
				CLANG_WARN_INT_CONVERSION = YES;
				CLANG_WARN_OBJC_ROOT_CLASS = YES_ERROR;
				CLANG_WARN_SUSPICIOUS_MOVE = YES;
				CLANG_WARN_UNREACHABLE_CODE = YES;
				CLANG_WARN__DUPLICATE_METHOD_MATCH = YES;
				"CODE_SIGN_IDENTITY[sdk=iphoneos*]" = "iPhone Developer";
				COPY_PHASE_STRIP = NO;
				CURRENT_PROJECT_VERSION = 1;
				DEBUG_INFORMATION_FORMAT = "dwarf-with-dsym";
				ENABLE_NS_ASSERTIONS = NO;
				ENABLE_STRICT_OBJC_MSGSEND = YES;
				GCC_C_LANGUAGE_STANDARD = gnu99;
				GCC_NO_COMMON_BLOCKS = YES;
				GCC_WARN_64_TO_32_BIT_CONVERSION = YES;
				GCC_WARN_ABOUT_RETURN_TYPE = YES_ERROR;
				GCC_WARN_UNDECLARED_SELECTOR = YES;
				GCC_WARN_UNINITIALIZED_AUTOS = YES_AGGRESSIVE;
				GCC_WARN_UNUSED_FUNCTION = YES;
				GCC_WARN_UNUSED_VARIABLE = YES;
				IPHONEOS_DEPLOYMENT_TARGET = 10.2;
				MTL_ENABLE_DEBUG_INFO = NO;
				SDKROOT = iphoneos;
				TARGETED_DEVICE_FAMILY = "1,2";
				VALIDATE_PRODUCT = YES;
				VERSIONING_SYSTEM = "apple-generic";
				VERSION_INFO_PREFIX = "";
			};
			name = Release;
		};
		234A7CDB1E4C623100DA1446 /* Debug */ = {
			isa = XCBuildConfiguration;
			buildSettings = {
				CLANG_ENABLE_MODULES = YES;
				CODE_SIGN_IDENTITY = "";
				DEFINES_MODULE = YES;
				DYLIB_COMPATIBILITY_VERSION = 1;
				DYLIB_CURRENT_VERSION = 1;
				DYLIB_INSTALL_NAME_BASE = "@rpath";
				ENABLE_BITCODE = NO;
				INFOPLIST_FILE = UIViewControllerTransitions/Info.plist;
				INSTALL_PATH = "$(LOCAL_LIBRARY_DIR)/Frameworks";
				IPHONEOS_DEPLOYMENT_TARGET = 8.0;
				LD_RUNPATH_SEARCH_PATHS = "$(inherited) @executable_path/Frameworks @loader_path/Frameworks";
				PRODUCT_BUNDLE_IDENTIFIER = org.apache.pisces.iOS.UIViewControllerTransitions;
				PRODUCT_NAME = "$(TARGET_NAME)";
				SKIP_INSTALL = YES;
				SWIFT_OPTIMIZATION_LEVEL = "-Onone";
				SWIFT_VERSION = 3.0;
			};
			name = Debug;
		};
		234A7CDC1E4C623100DA1446 /* Release */ = {
			isa = XCBuildConfiguration;
			buildSettings = {
				CLANG_ENABLE_MODULES = YES;
				CODE_SIGN_IDENTITY = "";
				DEFINES_MODULE = YES;
				DYLIB_COMPATIBILITY_VERSION = 1;
				DYLIB_CURRENT_VERSION = 1;
				DYLIB_INSTALL_NAME_BASE = "@rpath";
				ENABLE_BITCODE = NO;
				INFOPLIST_FILE = UIViewControllerTransitions/Info.plist;
				INSTALL_PATH = "$(LOCAL_LIBRARY_DIR)/Frameworks";
				IPHONEOS_DEPLOYMENT_TARGET = 8.0;
				LD_RUNPATH_SEARCH_PATHS = "$(inherited) @executable_path/Frameworks @loader_path/Frameworks";
				PRODUCT_BUNDLE_IDENTIFIER = org.apache.pisces.iOS.UIViewControllerTransitions;
				PRODUCT_NAME = "$(TARGET_NAME)";
				SKIP_INSTALL = YES;
				SWIFT_VERSION = 3.0;
			};
			name = Release;
		};
		234A7CDE1E4C623100DA1446 /* Debug */ = {
			isa = XCBuildConfiguration;
			buildSettings = {
				INFOPLIST_FILE = UIViewControllerTransitionsTests/Info.plist;
				LD_RUNPATH_SEARCH_PATHS = "$(inherited) @executable_path/Frameworks @loader_path/Frameworks";
				PRODUCT_BUNDLE_IDENTIFIER = org.apache.pisces.iOS.UIViewControllerTransitionsTests;
				PRODUCT_NAME = "$(TARGET_NAME)";
			};
			name = Debug;
		};
		234A7CDF1E4C623100DA1446 /* Release */ = {
			isa = XCBuildConfiguration;
			buildSettings = {
				INFOPLIST_FILE = UIViewControllerTransitionsTests/Info.plist;
				LD_RUNPATH_SEARCH_PATHS = "$(inherited) @executable_path/Frameworks @loader_path/Frameworks";
				PRODUCT_BUNDLE_IDENTIFIER = org.apache.pisces.iOS.UIViewControllerTransitionsTests;
				PRODUCT_NAME = "$(TARGET_NAME)";
			};
			name = Release;
		};
/* End XCBuildConfiguration section */

/* Begin XCConfigurationList section */
		234A7CC01E4C623100DA1446 /* Build configuration list for PBXProject "UIViewControllerTransitions" */ = {
			isa = XCConfigurationList;
			buildConfigurations = (
				234A7CD81E4C623100DA1446 /* Debug */,
				234A7CD91E4C623100DA1446 /* Release */,
			);
			defaultConfigurationIsVisible = 0;
			defaultConfigurationName = Release;
		};
		234A7CDA1E4C623100DA1446 /* Build configuration list for PBXNativeTarget "UIViewControllerTransitions" */ = {
			isa = XCConfigurationList;
			buildConfigurations = (
				234A7CDB1E4C623100DA1446 /* Debug */,
				234A7CDC1E4C623100DA1446 /* Release */,
			);
			defaultConfigurationIsVisible = 0;
			defaultConfigurationName = Release;
		};
		234A7CDD1E4C623100DA1446 /* Build configuration list for PBXNativeTarget "UIViewControllerTransitionsTests" */ = {
			isa = XCConfigurationList;
			buildConfigurations = (
				234A7CDE1E4C623100DA1446 /* Debug */,
				234A7CDF1E4C623100DA1446 /* Release */,
			);
			defaultConfigurationIsVisible = 0;
			defaultConfigurationName = Release;
		};
/* End XCConfigurationList section */
	};
	rootObject = 234A7CBD1E4C623100DA1446 /* Project object */;
}
