// !$*UTF8*$!
{
	archiveVersion = 1;
	classes = {
	};
	objectVersion = 46;
	objects = {

/* Begin PBXBuildFile section */
		234A7D0D1E4C646300DA1446 /* main.m in Sources */ = {isa = PBXBuildFile; fileRef = 234A7D0C1E4C646300DA1446 /* main.m */; };
		234A7D2C1E4C64A100DA1446 /* DemoAppDelegate.m in Sources */ = {isa = PBXBuildFile; fileRef = 234A7D121E4C64A100DA1446 /* DemoAppDelegate.m */; };
		234A7D2D1E4C64A100DA1446 /* DemoViewController.m in Sources */ = {isa = PBXBuildFile; fileRef = 234A7D141E4C64A100DA1446 /* DemoViewController.m */; };
		234A7D2E1E4C64A100DA1446 /* DragDropTransitionFirstView.xib in Resources */ = {isa = PBXBuildFile; fileRef = 234A7D151E4C64A100DA1446 /* DragDropTransitionFirstView.xib */; };
		234A7D2F1E4C64A100DA1446 /* DragDropTransitionFirstViewController.m in Sources */ = {isa = PBXBuildFile; fileRef = 234A7D171E4C64A100DA1446 /* DragDropTransitionFirstViewController.m */; };
		234A7D301E4C64A100DA1446 /* DragDropTransitionSecondView.xib in Resources */ = {isa = PBXBuildFile; fileRef = 234A7D181E4C64A100DA1446 /* DragDropTransitionSecondView.xib */; };
		234A7D311E4C64A100DA1446 /* DragDropTransitionSecondViewController.m in Sources */ = {isa = PBXBuildFile; fileRef = 234A7D1A1E4C64A100DA1446 /* DragDropTransitionSecondViewController.m */; };
		234A7D321E4C64A100DA1446 /* ex.png in Resources */ = {isa = PBXBuildFile; fileRef = 234A7D1B1E4C64A100DA1446 /* ex.png */; };
		234A7D331E4C64A100DA1446 /* FadeTransitionFirstView.xib in Resources */ = {isa = PBXBuildFile; fileRef = 234A7D1C1E4C64A100DA1446 /* FadeTransitionFirstView.xib */; };
		234A7D341E4C64A100DA1446 /* FadeTransitionFirstViewController.m in Sources */ = {isa = PBXBuildFile; fileRef = 234A7D1E1E4C64A100DA1446 /* FadeTransitionFirstViewController.m */; };
		234A7D351E4C64A100DA1446 /* FadeTransitionSecondView.xib in Resources */ = {isa = PBXBuildFile; fileRef = 234A7D1F1E4C64A100DA1446 /* FadeTransitionSecondView.xib */; };
		234A7D361E4C64A100DA1446 /* FadeTransitionSecondViewController.m in Sources */ = {isa = PBXBuildFile; fileRef = 234A7D211E4C64A100DA1446 /* FadeTransitionSecondViewController.m */; };
		234A7D371E4C64A100DA1446 /* Images.xcassets in Resources */ = {isa = PBXBuildFile; fileRef = 234A7D221E4C64A100DA1446 /* Images.xcassets */; };
		234A7D381E4C64A100DA1446 /* LaunchScreen.storyboard in Resources */ = {isa = PBXBuildFile; fileRef = 234A7D231E4C64A100DA1446 /* LaunchScreen.storyboard */; };
		234A7D3A1E4C64A100DA1446 /* Main.storyboard in Resources */ = {isa = PBXBuildFile; fileRef = 234A7D251E4C64A100DA1446 /* Main.storyboard */; };
		234A7D3B1E4C64A100DA1446 /* MoveTransitionFirstView.xib in Resources */ = {isa = PBXBuildFile; fileRef = 234A7D261E4C64A100DA1446 /* MoveTransitionFirstView.xib */; };
		234A7D3C1E4C64A100DA1446 /* MoveTransitionFirstViewController.m in Sources */ = {isa = PBXBuildFile; fileRef = 234A7D281E4C64A100DA1446 /* MoveTransitionFirstViewController.m */; };
		234A7D3D1E4C64A100DA1446 /* MoveTransitionSecondView.xib in Resources */ = {isa = PBXBuildFile; fileRef = 234A7D291E4C64A100DA1446 /* MoveTransitionSecondView.xib */; };
		234A7D3E1E4C64A100DA1446 /* MoveTransitionSecondViewController.m in Sources */ = {isa = PBXBuildFile; fileRef = 234A7D2B1E4C64A100DA1446 /* MoveTransitionSecondViewController.m */; };
		23857C7C1E4C67FB00F21787 /* InfoPlist.strings in Resources */ = {isa = PBXBuildFile; fileRef = 23857C7A1E4C67FB00F21787 /* InfoPlist.strings */; };
		23D385351E9CD84100AD48D0 /* GesturePresentingFirstViewController.swift in Sources */ = {isa = PBXBuildFile; fileRef = 23D385341E9CD84100AD48D0 /* GesturePresentingFirstViewController.swift */; };
		23D385371E9CD87D00AD48D0 /* GesturePresentingFirstView.xib in Resources */ = {isa = PBXBuildFile; fileRef = 23D385361E9CD87D00AD48D0 /* GesturePresentingFirstView.xib */; };
		23D385391E9CDB4400AD48D0 /* GesturePresentingSecondViewController.swift in Sources */ = {isa = PBXBuildFile; fileRef = 23D385381E9CDB4400AD48D0 /* GesturePresentingSecondViewController.swift */; };
		23D3853B1E9CDB5F00AD48D0 /* GesturePresentingSecondView.xib in Resources */ = {isa = PBXBuildFile; fileRef = 23D3853A1E9CDB5F00AD48D0 /* GesturePresentingSecondView.xib */; };
		57246E27B51970FB1C442B1E /* Pods_UIViewControllerTransitions_Tests.framework in Frameworks */ = {isa = PBXBuildFile; fileRef = C73CA04607B807B38338EFCA /* Pods_UIViewControllerTransitions_Tests.framework */; };
		6003F58E195388D20070C39A /* Foundation.framework in Frameworks */ = {isa = PBXBuildFile; fileRef = 6003F58D195388D20070C39A /* Foundation.framework */; };
		6003F590195388D20070C39A /* CoreGraphics.framework in Frameworks */ = {isa = PBXBuildFile; fileRef = 6003F58F195388D20070C39A /* CoreGraphics.framework */; };
		6003F592195388D20070C39A /* UIKit.framework in Frameworks */ = {isa = PBXBuildFile; fileRef = 6003F591195388D20070C39A /* UIKit.framework */; };
		6003F5B1195388D20070C39A /* Foundation.framework in Frameworks */ = {isa = PBXBuildFile; fileRef = 6003F58D195388D20070C39A /* Foundation.framework */; };
		6003F5B2195388D20070C39A /* UIKit.framework in Frameworks */ = {isa = PBXBuildFile; fileRef = 6003F591195388D20070C39A /* UIKit.framework */; };
		6003F5BA195388D20070C39A /* InfoPlist.strings in Resources */ = {isa = PBXBuildFile; fileRef = 6003F5B8195388D20070C39A /* InfoPlist.strings */; };
		6003F5BC195388D20070C39A /* Tests.m in Sources */ = {isa = PBXBuildFile; fileRef = 6003F5BB195388D20070C39A /* Tests.m */; };
		ED7B14BEBD59CBA340049AB7 /* Pods_UIViewControllerTransitions_Example.framework in Frameworks */ = {isa = PBXBuildFile; fileRef = D544000CF3B29512EAF0D13B /* Pods_UIViewControllerTransitions_Example.framework */; };
/* End PBXBuildFile section */

/* Begin PBXContainerItemProxy section */
		6003F5B3195388D20070C39A /* PBXContainerItemProxy */ = {
			isa = PBXContainerItemProxy;
			containerPortal = 6003F582195388D10070C39A /* Project object */;
			proxyType = 1;
			remoteGlobalIDString = 6003F589195388D20070C39A;
			remoteInfo = UIViewControllerTransitions;
		};
/* End PBXContainerItemProxy section */

/* Begin PBXFileReference section */
		04582A65F794DF91D8743740 /* Pods-UIViewControllerTransitions_Example.release.xcconfig */ = {isa = PBXFileReference; includeInIndex = 1; lastKnownFileType = text.xcconfig; name = "Pods-UIViewControllerTransitions_Example.release.xcconfig"; path = "Pods/Target Support Files/Pods-UIViewControllerTransitions_Example/Pods-UIViewControllerTransitions_Example.release.xcconfig"; sourceTree = "<group>"; };
		1EAE91E06958D6BE144D1C6C /* LICENSE */ = {isa = PBXFileReference; includeInIndex = 1; lastKnownFileType = text; name = LICENSE; path = ../LICENSE; sourceTree = "<group>"; };
		234A7D0C1E4C646300DA1446 /* main.m */ = {isa = PBXFileReference; fileEncoding = 4; lastKnownFileType = sourcecode.c.objc; name = main.m; path = UIViewControllerTransitionsExample/main.m; sourceTree = SOURCE_ROOT; };
		234A7D0E1E4C647900DA1446 /* UIViewControllerTransitions_Example-Prefix.pch */ = {isa = PBXFileReference; fileEncoding = 4; lastKnownFileType = sourcecode.c.h; name = "UIViewControllerTransitions_Example-Prefix.pch"; path = "UIViewControllerTransitionsExample/UIViewControllerTransitions_Example-Prefix.pch"; sourceTree = SOURCE_ROOT; };
		234A7D0F1E4C648A00DA1446 /* UIViewControllerTransitions_Example-Info.plist */ = {isa = PBXFileReference; fileEncoding = 4; lastKnownFileType = text.plist.xml; name = "UIViewControllerTransitions_Example-Info.plist"; path = "UIViewControllerTransitionsExample/UIViewControllerTransitions_Example-Info.plist"; sourceTree = SOURCE_ROOT; };
		234A7D111E4C64A100DA1446 /* DemoAppDelegate.h */ = {isa = PBXFileReference; fileEncoding = 4; lastKnownFileType = sourcecode.c.h; name = DemoAppDelegate.h; path = UIViewControllerTransitionsExample/DemoAppDelegate.h; sourceTree = SOURCE_ROOT; };
		234A7D121E4C64A100DA1446 /* DemoAppDelegate.m */ = {isa = PBXFileReference; fileEncoding = 4; lastKnownFileType = sourcecode.c.objc; name = DemoAppDelegate.m; path = UIViewControllerTransitionsExample/DemoAppDelegate.m; sourceTree = SOURCE_ROOT; };
		234A7D131E4C64A100DA1446 /* DemoViewController.h */ = {isa = PBXFileReference; fileEncoding = 4; lastKnownFileType = sourcecode.c.h; name = DemoViewController.h; path = UIViewControllerTransitionsExample/DemoViewController.h; sourceTree = SOURCE_ROOT; };
		234A7D141E4C64A100DA1446 /* DemoViewController.m */ = {isa = PBXFileReference; fileEncoding = 4; lastKnownFileType = sourcecode.c.objc; name = DemoViewController.m; path = UIViewControllerTransitionsExample/DemoViewController.m; sourceTree = SOURCE_ROOT; };
		234A7D151E4C64A100DA1446 /* DragDropTransitionFirstView.xib */ = {isa = PBXFileReference; fileEncoding = 4; lastKnownFileType = file.xib; name = DragDropTransitionFirstView.xib; path = UIViewControllerTransitionsExample/DragDropTransitionFirstView.xib; sourceTree = SOURCE_ROOT; };
		234A7D161E4C64A100DA1446 /* DragDropTransitionFirstViewController.h */ = {isa = PBXFileReference; fileEncoding = 4; lastKnownFileType = sourcecode.c.h; name = DragDropTransitionFirstViewController.h; path = UIViewControllerTransitionsExample/DragDropTransitionFirstViewController.h; sourceTree = SOURCE_ROOT; };
		234A7D171E4C64A100DA1446 /* DragDropTransitionFirstViewController.m */ = {isa = PBXFileReference; fileEncoding = 4; lastKnownFileType = sourcecode.c.objc; name = DragDropTransitionFirstViewController.m; path = UIViewControllerTransitionsExample/DragDropTransitionFirstViewController.m; sourceTree = SOURCE_ROOT; };
		234A7D181E4C64A100DA1446 /* DragDropTransitionSecondView.xib */ = {isa = PBXFileReference; fileEncoding = 4; lastKnownFileType = file.xib; name = DragDropTransitionSecondView.xib; path = UIViewControllerTransitionsExample/DragDropTransitionSecondView.xib; sourceTree = SOURCE_ROOT; };
		234A7D191E4C64A100DA1446 /* DragDropTransitionSecondViewController.h */ = {isa = PBXFileReference; fileEncoding = 4; lastKnownFileType = sourcecode.c.h; name = DragDropTransitionSecondViewController.h; path = UIViewControllerTransitionsExample/DragDropTransitionSecondViewController.h; sourceTree = SOURCE_ROOT; };
		234A7D1A1E4C64A100DA1446 /* DragDropTransitionSecondViewController.m */ = {isa = PBXFileReference; fileEncoding = 4; lastKnownFileType = sourcecode.c.objc; name = DragDropTransitionSecondViewController.m; path = UIViewControllerTransitionsExample/DragDropTransitionSecondViewController.m; sourceTree = SOURCE_ROOT; };
		234A7D1B1E4C64A100DA1446 /* ex.png */ = {isa = PBXFileReference; lastKnownFileType = image.png; name = ex.png; path = UIViewControllerTransitionsExample/ex.png; sourceTree = SOURCE_ROOT; };
		234A7D1C1E4C64A100DA1446 /* FadeTransitionFirstView.xib */ = {isa = PBXFileReference; fileEncoding = 4; lastKnownFileType = file.xib; name = FadeTransitionFirstView.xib; path = UIViewControllerTransitionsExample/FadeTransitionFirstView.xib; sourceTree = SOURCE_ROOT; };
		234A7D1D1E4C64A100DA1446 /* FadeTransitionFirstViewController.h */ = {isa = PBXFileReference; fileEncoding = 4; lastKnownFileType = sourcecode.c.h; name = FadeTransitionFirstViewController.h; path = UIViewControllerTransitionsExample/FadeTransitionFirstViewController.h; sourceTree = SOURCE_ROOT; };
		234A7D1E1E4C64A100DA1446 /* FadeTransitionFirstViewController.m */ = {isa = PBXFileReference; fileEncoding = 4; lastKnownFileType = sourcecode.c.objc; name = FadeTransitionFirstViewController.m; path = UIViewControllerTransitionsExample/FadeTransitionFirstViewController.m; sourceTree = SOURCE_ROOT; };
		234A7D1F1E4C64A100DA1446 /* FadeTransitionSecondView.xib */ = {isa = PBXFileReference; fileEncoding = 4; lastKnownFileType = file.xib; name = FadeTransitionSecondView.xib; path = UIViewControllerTransitionsExample/FadeTransitionSecondView.xib; sourceTree = SOURCE_ROOT; };
		234A7D201E4C64A100DA1446 /* FadeTransitionSecondViewController.h */ = {isa = PBXFileReference; fileEncoding = 4; lastKnownFileType = sourcecode.c.h; name = FadeTransitionSecondViewController.h; path = UIViewControllerTransitionsExample/FadeTransitionSecondViewController.h; sourceTree = SOURCE_ROOT; };
		234A7D211E4C64A100DA1446 /* FadeTransitionSecondViewController.m */ = {isa = PBXFileReference; fileEncoding = 4; lastKnownFileType = sourcecode.c.objc; name = FadeTransitionSecondViewController.m; path = UIViewControllerTransitionsExample/FadeTransitionSecondViewController.m; sourceTree = SOURCE_ROOT; };
		234A7D221E4C64A100DA1446 /* Images.xcassets */ = {isa = PBXFileReference; lastKnownFileType = folder.assetcatalog; name = Images.xcassets; path = UIViewControllerTransitionsExample/Images.xcassets; sourceTree = SOURCE_ROOT; };
		234A7D231E4C64A100DA1446 /* LaunchScreen.storyboard */ = {isa = PBXFileReference; fileEncoding = 4; lastKnownFileType = file.storyboard; name = LaunchScreen.storyboard; path = UIViewControllerTransitionsExample/LaunchScreen.storyboard; sourceTree = SOURCE_ROOT; };
		234A7D251E4C64A100DA1446 /* Main.storyboard */ = {isa = PBXFileReference; fileEncoding = 4; lastKnownFileType = file.storyboard; name = Main.storyboard; path = UIViewControllerTransitionsExample/Main.storyboard; sourceTree = SOURCE_ROOT; };
		234A7D261E4C64A100DA1446 /* MoveTransitionFirstView.xib */ = {isa = PBXFileReference; fileEncoding = 4; lastKnownFileType = file.xib; name = MoveTransitionFirstView.xib; path = UIViewControllerTransitionsExample/MoveTransitionFirstView.xib; sourceTree = SOURCE_ROOT; };
		234A7D271E4C64A100DA1446 /* MoveTransitionFirstViewController.h */ = {isa = PBXFileReference; fileEncoding = 4; lastKnownFileType = sourcecode.c.h; name = MoveTransitionFirstViewController.h; path = UIViewControllerTransitionsExample/MoveTransitionFirstViewController.h; sourceTree = SOURCE_ROOT; };
		234A7D281E4C64A100DA1446 /* MoveTransitionFirstViewController.m */ = {isa = PBXFileReference; fileEncoding = 4; lastKnownFileType = sourcecode.c.objc; name = MoveTransitionFirstViewController.m; path = UIViewControllerTransitionsExample/MoveTransitionFirstViewController.m; sourceTree = SOURCE_ROOT; };
		234A7D291E4C64A100DA1446 /* MoveTransitionSecondView.xib */ = {isa = PBXFileReference; fileEncoding = 4; lastKnownFileType = file.xib; name = MoveTransitionSecondView.xib; path = UIViewControllerTransitionsExample/MoveTransitionSecondView.xib; sourceTree = SOURCE_ROOT; };
		234A7D2A1E4C64A100DA1446 /* MoveTransitionSecondViewController.h */ = {isa = PBXFileReference; fileEncoding = 4; lastKnownFileType = sourcecode.c.h; name = MoveTransitionSecondViewController.h; path = UIViewControllerTransitionsExample/MoveTransitionSecondViewController.h; sourceTree = SOURCE_ROOT; };
		234A7D2B1E4C64A100DA1446 /* MoveTransitionSecondViewController.m */ = {isa = PBXFileReference; fileEncoding = 4; lastKnownFileType = sourcecode.c.objc; name = MoveTransitionSecondViewController.m; path = UIViewControllerTransitionsExample/MoveTransitionSecondViewController.m; sourceTree = SOURCE_ROOT; };
		23857C7B1E4C67FB00F21787 /* en */ = {isa = PBXFileReference; lastKnownFileType = text.plist.strings; name = en; path = UIViewControllerTransitionsExample/en.lproj/InfoPlist.strings; sourceTree = SOURCE_ROOT; };
		23D385341E9CD84100AD48D0 /* GesturePresentingFirstViewController.swift */ = {isa = PBXFileReference; fileEncoding = 4; lastKnownFileType = sourcecode.swift; name = GesturePresentingFirstViewController.swift; path = UIViewControllerTransitionsExample/GesturePresentingFirstViewController.swift; sourceTree = SOURCE_ROOT; };
		23D385361E9CD87D00AD48D0 /* GesturePresentingFirstView.xib */ = {isa = PBXFileReference; fileEncoding = 4; lastKnownFileType = file.xib; name = GesturePresentingFirstView.xib; path = UIViewControllerTransitionsExample/GesturePresentingFirstView.xib; sourceTree = SOURCE_ROOT; };
		23D385381E9CDB4400AD48D0 /* GesturePresentingSecondViewController.swift */ = {isa = PBXFileReference; fileEncoding = 4; lastKnownFileType = sourcecode.swift; name = GesturePresentingSecondViewController.swift; path = UIViewControllerTransitionsExample/GesturePresentingSecondViewController.swift; sourceTree = SOURCE_ROOT; };
		23D3853A1E9CDB5F00AD48D0 /* GesturePresentingSecondView.xib */ = {isa = PBXFileReference; fileEncoding = 4; lastKnownFileType = file.xib; name = GesturePresentingSecondView.xib; path = UIViewControllerTransitionsExample/GesturePresentingSecondView.xib; sourceTree = SOURCE_ROOT; };
		23D3853C1E9CE54E00AD48D0 /* UIViewControllerTransitions_Example-Bridging-Header.h */ = {isa = PBXFileReference; lastKnownFileType = sourcecode.c.h; name = "UIViewControllerTransitions_Example-Bridging-Header.h"; path = "UIViewControllerTransitionsExample/UIViewControllerTransitions_Example-Bridging-Header.h"; sourceTree = SOURCE_ROOT; };
		53C0476F04B756FBA6350C2A /* UIViewControllerTransitions.podspec */ = {isa = PBXFileReference; includeInIndex = 1; lastKnownFileType = text; name = UIViewControllerTransitions.podspec; path = ../UIViewControllerTransitions.podspec; sourceTree = "<group>"; };
		6003F58A195388D20070C39A /* UIViewControllerTransitions_Example.app */ = {isa = PBXFileReference; explicitFileType = wrapper.application; includeInIndex = 0; path = UIViewControllerTransitions_Example.app; sourceTree = BUILT_PRODUCTS_DIR; };
		6003F58D195388D20070C39A /* Foundation.framework */ = {isa = PBXFileReference; lastKnownFileType = wrapper.framework; name = Foundation.framework; path = System/Library/Frameworks/Foundation.framework; sourceTree = SDKROOT; };
		6003F58F195388D20070C39A /* CoreGraphics.framework */ = {isa = PBXFileReference; lastKnownFileType = wrapper.framework; name = CoreGraphics.framework; path = System/Library/Frameworks/CoreGraphics.framework; sourceTree = SDKROOT; };
		6003F591195388D20070C39A /* UIKit.framework */ = {isa = PBXFileReference; lastKnownFileType = wrapper.framework; name = UIKit.framework; path = System/Library/Frameworks/UIKit.framework; sourceTree = SDKROOT; };
		6003F5AE195388D20070C39A /* UIViewControllerTransitions_Tests.xctest */ = {isa = PBXFileReference; explicitFileType = wrapper.cfbundle; includeInIndex = 0; path = UIViewControllerTransitions_Tests.xctest; sourceTree = BUILT_PRODUCTS_DIR; };
		6003F5B7195388D20070C39A /* Tests-Info.plist */ = {isa = PBXFileReference; lastKnownFileType = text.plist.xml; path = "Tests-Info.plist"; sourceTree = "<group>"; };
		6003F5B9195388D20070C39A /* en */ = {isa = PBXFileReference; lastKnownFileType = text.plist.strings; name = en; path = en.lproj/InfoPlist.strings; sourceTree = "<group>"; };
		6003F5BB195388D20070C39A /* Tests.m */ = {isa = PBXFileReference; lastKnownFileType = sourcecode.c.objc; path = Tests.m; sourceTree = "<group>"; };
		606FC2411953D9B200FFA9A0 /* Tests-Prefix.pch */ = {isa = PBXFileReference; lastKnownFileType = sourcecode.c.h; path = "Tests-Prefix.pch"; sourceTree = "<group>"; };
		73BAF19C0A1FB5035CB5C931 /* Pods-UIViewControllerTransitions_Tests.debug.xcconfig */ = {isa = PBXFileReference; includeInIndex = 1; lastKnownFileType = text.xcconfig; name = "Pods-UIViewControllerTransitions_Tests.debug.xcconfig"; path = "Pods/Target Support Files/Pods-UIViewControllerTransitions_Tests/Pods-UIViewControllerTransitions_Tests.debug.xcconfig"; sourceTree = "<group>"; };
		C73CA04607B807B38338EFCA /* Pods_UIViewControllerTransitions_Tests.framework */ = {isa = PBXFileReference; explicitFileType = wrapper.framework; includeInIndex = 0; path = Pods_UIViewControllerTransitions_Tests.framework; sourceTree = BUILT_PRODUCTS_DIR; };
		C980721F417434BDACFD36B6 /* README.md */ = {isa = PBXFileReference; includeInIndex = 1; lastKnownFileType = net.daringfireball.markdown; name = README.md; path = ../README.md; sourceTree = "<group>"; };
		D544000CF3B29512EAF0D13B /* Pods_UIViewControllerTransitions_Example.framework */ = {isa = PBXFileReference; explicitFileType = wrapper.framework; includeInIndex = 0; path = Pods_UIViewControllerTransitions_Example.framework; sourceTree = BUILT_PRODUCTS_DIR; };
		E90FAC279C8476B56523BDCD /* Pods-UIViewControllerTransitions_Tests.release.xcconfig */ = {isa = PBXFileReference; includeInIndex = 1; lastKnownFileType = text.xcconfig; name = "Pods-UIViewControllerTransitions_Tests.release.xcconfig"; path = "Pods/Target Support Files/Pods-UIViewControllerTransitions_Tests/Pods-UIViewControllerTransitions_Tests.release.xcconfig"; sourceTree = "<group>"; };
		E9EABE18F8A41F65FB32BC92 /* Pods-UIViewControllerTransitions_Example.debug.xcconfig */ = {isa = PBXFileReference; includeInIndex = 1; lastKnownFileType = text.xcconfig; name = "Pods-UIViewControllerTransitions_Example.debug.xcconfig"; path = "Pods/Target Support Files/Pods-UIViewControllerTransitions_Example/Pods-UIViewControllerTransitions_Example.debug.xcconfig"; sourceTree = "<group>"; };
/* End PBXFileReference section */

/* Begin PBXFrameworksBuildPhase section */
		6003F587195388D20070C39A /* Frameworks */ = {
			isa = PBXFrameworksBuildPhase;
			buildActionMask = 2147483647;
			files = (
				6003F590195388D20070C39A /* CoreGraphics.framework in Frameworks */,
				6003F592195388D20070C39A /* UIKit.framework in Frameworks */,
				6003F58E195388D20070C39A /* Foundation.framework in Frameworks */,
				ED7B14BEBD59CBA340049AB7 /* Pods_UIViewControllerTransitions_Example.framework in Frameworks */,
			);
			runOnlyForDeploymentPostprocessing = 0;
		};
		6003F5AB195388D20070C39A /* Frameworks */ = {
			isa = PBXFrameworksBuildPhase;
			buildActionMask = 2147483647;
			files = (
				6003F5B2195388D20070C39A /* UIKit.framework in Frameworks */,
				6003F5B1195388D20070C39A /* Foundation.framework in Frameworks */,
				57246E27B51970FB1C442B1E /* Pods_UIViewControllerTransitions_Tests.framework in Frameworks */,
			);
			runOnlyForDeploymentPostprocessing = 0;
		};
/* End PBXFrameworksBuildPhase section */

/* Begin PBXGroup section */
		1B07FB6B63B1A6CF5A87660E /* Pods */ = {
			isa = PBXGroup;
			children = (
				E9EABE18F8A41F65FB32BC92 /* Pods-UIViewControllerTransitions_Example.debug.xcconfig */,
				04582A65F794DF91D8743740 /* Pods-UIViewControllerTransitions_Example.release.xcconfig */,
				73BAF19C0A1FB5035CB5C931 /* Pods-UIViewControllerTransitions_Tests.debug.xcconfig */,
				E90FAC279C8476B56523BDCD /* Pods-UIViewControllerTransitions_Tests.release.xcconfig */,
			);
			name = Pods;
			sourceTree = "<group>";
		};
		6003F581195388D10070C39A = {
			isa = PBXGroup;
			children = (
				60FF7A9C1954A5C5007DD14C /* Podspec Metadata */,
				6003F593195388D20070C39A /* Example for UIViewControllerTransitions */,
				6003F5B5195388D20070C39A /* Tests */,
				6003F58C195388D20070C39A /* Frameworks */,
				6003F58B195388D20070C39A /* Products */,
				1B07FB6B63B1A6CF5A87660E /* Pods */,
			);
			sourceTree = "<group>";
		};
		6003F58B195388D20070C39A /* Products */ = {
			isa = PBXGroup;
			children = (
				6003F58A195388D20070C39A /* UIViewControllerTransitions_Example.app */,
				6003F5AE195388D20070C39A /* UIViewControllerTransitions_Tests.xctest */,
			);
			name = Products;
			sourceTree = "<group>";
		};
		6003F58C195388D20070C39A /* Frameworks */ = {
			isa = PBXGroup;
			children = (
				6003F58D195388D20070C39A /* Foundation.framework */,
				6003F58F195388D20070C39A /* CoreGraphics.framework */,
				6003F591195388D20070C39A /* UIKit.framework */,
				D544000CF3B29512EAF0D13B /* Pods_UIViewControllerTransitions_Example.framework */,
				C73CA04607B807B38338EFCA /* Pods_UIViewControllerTransitions_Tests.framework */,
			);
			name = Frameworks;
			sourceTree = "<group>";
		};
		6003F593195388D20070C39A /* Example for UIViewControllerTransitions */ = {
			isa = PBXGroup;
			children = (
				234A7D111E4C64A100DA1446 /* DemoAppDelegate.h */,
				234A7D121E4C64A100DA1446 /* DemoAppDelegate.m */,
				234A7D131E4C64A100DA1446 /* DemoViewController.h */,
				234A7D141E4C64A100DA1446 /* DemoViewController.m */,
				234A7D151E4C64A100DA1446 /* DragDropTransitionFirstView.xib */,
				234A7D161E4C64A100DA1446 /* DragDropTransitionFirstViewController.h */,
				234A7D171E4C64A100DA1446 /* DragDropTransitionFirstViewController.m */,
				234A7D181E4C64A100DA1446 /* DragDropTransitionSecondView.xib */,
				234A7D191E4C64A100DA1446 /* DragDropTransitionSecondViewController.h */,
				234A7D1A1E4C64A100DA1446 /* DragDropTransitionSecondViewController.m */,
				234A7D1B1E4C64A100DA1446 /* ex.png */,
				234A7D1C1E4C64A100DA1446 /* FadeTransitionFirstView.xib */,
				234A7D1D1E4C64A100DA1446 /* FadeTransitionFirstViewController.h */,
				234A7D1E1E4C64A100DA1446 /* FadeTransitionFirstViewController.m */,
				234A7D1F1E4C64A100DA1446 /* FadeTransitionSecondView.xib */,
				234A7D201E4C64A100DA1446 /* FadeTransitionSecondViewController.h */,
				234A7D211E4C64A100DA1446 /* FadeTransitionSecondViewController.m */,
				23D385341E9CD84100AD48D0 /* GesturePresentingFirstViewController.swift */,
				23D385381E9CDB4400AD48D0 /* GesturePresentingSecondViewController.swift */,
				23D385361E9CD87D00AD48D0 /* GesturePresentingFirstView.xib */,
				23D3853A1E9CDB5F00AD48D0 /* GesturePresentingSecondView.xib */,
				234A7D221E4C64A100DA1446 /* Images.xcassets */,
				234A7D231E4C64A100DA1446 /* LaunchScreen.storyboard */,
				234A7D251E4C64A100DA1446 /* Main.storyboard */,
				234A7D261E4C64A100DA1446 /* MoveTransitionFirstView.xib */,
				234A7D271E4C64A100DA1446 /* MoveTransitionFirstViewController.h */,
				234A7D281E4C64A100DA1446 /* MoveTransitionFirstViewController.m */,
				234A7D291E4C64A100DA1446 /* MoveTransitionSecondView.xib */,
				234A7D2A1E4C64A100DA1446 /* MoveTransitionSecondViewController.h */,
				234A7D2B1E4C64A100DA1446 /* MoveTransitionSecondViewController.m */,
				6003F594195388D20070C39A /* Supporting Files */,
			);
			name = "Example for UIViewControllerTransitions";
			path = UIViewControllerTransitions;
			sourceTree = "<group>";
		};
		6003F594195388D20070C39A /* Supporting Files */ = {
			isa = PBXGroup;
			children = (
				23857C7A1E4C67FB00F21787 /* InfoPlist.strings */,
				234A7D0F1E4C648A00DA1446 /* UIViewControllerTransitions_Example-Info.plist */,
				234A7D0C1E4C646300DA1446 /* main.m */,
				23D3853C1E9CE54E00AD48D0 /* UIViewControllerTransitions_Example-Bridging-Header.h */,
				234A7D0E1E4C647900DA1446 /* UIViewControllerTransitions_Example-Prefix.pch */,
			);
			name = "Supporting Files";
			sourceTree = "<group>";
		};
		6003F5B5195388D20070C39A /* Tests */ = {
			isa = PBXGroup;
			children = (
				6003F5BB195388D20070C39A /* Tests.m */,
				6003F5B6195388D20070C39A /* Supporting Files */,
			);
			path = Tests;
			sourceTree = "<group>";
		};
		6003F5B6195388D20070C39A /* Supporting Files */ = {
			isa = PBXGroup;
			children = (
				6003F5B7195388D20070C39A /* Tests-Info.plist */,
				6003F5B8195388D20070C39A /* InfoPlist.strings */,
				606FC2411953D9B200FFA9A0 /* Tests-Prefix.pch */,
			);
			name = "Supporting Files";
			sourceTree = "<group>";
		};
		60FF7A9C1954A5C5007DD14C /* Podspec Metadata */ = {
			isa = PBXGroup;
			children = (
				53C0476F04B756FBA6350C2A /* UIViewControllerTransitions.podspec */,
				C980721F417434BDACFD36B6 /* README.md */,
				1EAE91E06958D6BE144D1C6C /* LICENSE */,
			);
			name = "Podspec Metadata";
			sourceTree = "<group>";
		};
/* End PBXGroup section */

/* Begin PBXNativeTarget section */
		6003F589195388D20070C39A /* UIViewControllerTransitions_Example */ = {
			isa = PBXNativeTarget;
			buildConfigurationList = 6003F5BF195388D20070C39A /* Build configuration list for PBXNativeTarget "UIViewControllerTransitions_Example" */;
			buildPhases = (
				5659ADA48CDB68A98224C393 /* [CP] Check Pods Manifest.lock */,
				6003F586195388D20070C39A /* Sources */,
				6003F587195388D20070C39A /* Frameworks */,
				6003F588195388D20070C39A /* Resources */,
				C6135A49126055887583AF53 /* [CP] Embed Pods Frameworks */,
				149CCD64264D09D5A2368FA3 /* [CP] Copy Pods Resources */,
			);
			buildRules = (
			);
			dependencies = (
			);
			name = UIViewControllerTransitions_Example;
			productName = UIViewControllerTransitions;
			productReference = 6003F58A195388D20070C39A /* UIViewControllerTransitions_Example.app */;
			productType = "com.apple.product-type.application";
		};
		6003F5AD195388D20070C39A /* UIViewControllerTransitions_Tests */ = {
			isa = PBXNativeTarget;
			buildConfigurationList = 6003F5C2195388D20070C39A /* Build configuration list for PBXNativeTarget "UIViewControllerTransitions_Tests" */;
			buildPhases = (
				3DD2DCF882D845A125400428 /* [CP] Check Pods Manifest.lock */,
				6003F5AA195388D20070C39A /* Sources */,
				6003F5AB195388D20070C39A /* Frameworks */,
				6003F5AC195388D20070C39A /* Resources */,
				90372784FA951171F377635C /* [CP] Embed Pods Frameworks */,
				688F100F5EC207DFC0A2F3D8 /* [CP] Copy Pods Resources */,
			);
			buildRules = (
			);
			dependencies = (
				6003F5B4195388D20070C39A /* PBXTargetDependency */,
			);
			name = UIViewControllerTransitions_Tests;
			productName = UIViewControllerTransitionsTests;
			productReference = 6003F5AE195388D20070C39A /* UIViewControllerTransitions_Tests.xctest */;
			productType = "com.apple.product-type.bundle.unit-test";
		};
/* End PBXNativeTarget section */

/* Begin PBXProject section */
		6003F582195388D10070C39A /* Project object */ = {
			isa = PBXProject;
			attributes = {
				CLASSPREFIX = Demo;
				LastUpgradeCheck = 0720;
				ORGANIZATIONNAME = "Steve Kim";
				TargetAttributes = {
					6003F589195388D20070C39A = {
						LastSwiftMigration = 0830;
						ProvisioningStyle = Automatic;
					};
					6003F5AD195388D20070C39A = {
						TestTargetID = 6003F589195388D20070C39A;
					};
				};
			};
			buildConfigurationList = 6003F585195388D10070C39A /* Build configuration list for PBXProject "UIViewControllerTransitionsExample" */;
			compatibilityVersion = "Xcode 3.2";
			developmentRegion = English;
			hasScannedForEncodings = 0;
			knownRegions = (
				en,
				Base,
			);
			mainGroup = 6003F581195388D10070C39A;
			productRefGroup = 6003F58B195388D20070C39A /* Products */;
			projectDirPath = "";
			projectRoot = "";
			targets = (
				6003F589195388D20070C39A /* UIViewControllerTransitions_Example */,
				6003F5AD195388D20070C39A /* UIViewControllerTransitions_Tests */,
			);
		};
/* End PBXProject section */

/* Begin PBXResourcesBuildPhase section */
		6003F588195388D20070C39A /* Resources */ = {
			isa = PBXResourcesBuildPhase;
			buildActionMask = 2147483647;
			files = (
				234A7D351E4C64A100DA1446 /* FadeTransitionSecondView.xib in Resources */,
				234A7D321E4C64A100DA1446 /* ex.png in Resources */,
				234A7D3D1E4C64A100DA1446 /* MoveTransitionSecondView.xib in Resources */,
				234A7D381E4C64A100DA1446 /* LaunchScreen.storyboard in Resources */,
				23D3853B1E9CDB5F00AD48D0 /* GesturePresentingSecondView.xib in Resources */,
				234A7D3B1E4C64A100DA1446 /* MoveTransitionFirstView.xib in Resources */,
				234A7D301E4C64A100DA1446 /* DragDropTransitionSecondView.xib in Resources */,
				234A7D371E4C64A100DA1446 /* Images.xcassets in Resources */,
				234A7D3A1E4C64A100DA1446 /* Main.storyboard in Resources */,
				23D385371E9CD87D00AD48D0 /* GesturePresentingFirstView.xib in Resources */,
				234A7D2E1E4C64A100DA1446 /* DragDropTransitionFirstView.xib in Resources */,
				23857C7C1E4C67FB00F21787 /* InfoPlist.strings in Resources */,
				234A7D331E4C64A100DA1446 /* FadeTransitionFirstView.xib in Resources */,
			);
			runOnlyForDeploymentPostprocessing = 0;
		};
		6003F5AC195388D20070C39A /* Resources */ = {
			isa = PBXResourcesBuildPhase;
			buildActionMask = 2147483647;
			files = (
				6003F5BA195388D20070C39A /* InfoPlist.strings in Resources */,
			);
			runOnlyForDeploymentPostprocessing = 0;
		};
/* End PBXResourcesBuildPhase section */

/* Begin PBXShellScriptBuildPhase section */
		149CCD64264D09D5A2368FA3 /* [CP] Copy Pods Resources */ = {
			isa = PBXShellScriptBuildPhase;
			buildActionMask = 2147483647;
			files = (
			);
			inputPaths = (
			);
			name = "[CP] Copy Pods Resources";
			outputPaths = (
			);
			runOnlyForDeploymentPostprocessing = 0;
			shellPath = /bin/sh;
			shellScript = "\"${SRCROOT}/Pods/Target Support Files/Pods-UIViewControllerTransitions_Example/Pods-UIViewControllerTransitions_Example-resources.sh\"\n";
			showEnvVarsInLog = 0;
		};
		3DD2DCF882D845A125400428 /* [CP] Check Pods Manifest.lock */ = {
			isa = PBXShellScriptBuildPhase;
			buildActionMask = 2147483647;
			files = (
			);
			inputPaths = (
			);
			name = "[CP] Check Pods Manifest.lock";
			outputPaths = (
			);
			runOnlyForDeploymentPostprocessing = 0;
			shellPath = /bin/sh;
			shellScript = "diff \"${PODS_ROOT}/../Podfile.lock\" \"${PODS_ROOT}/Manifest.lock\" > /dev/null\nif [ $? != 0 ] ; then\n    # print error to STDERR\n    echo \"error: The sandbox is not in sync with the Podfile.lock. Run 'pod install' or update your CocoaPods installation.\" >&2\n    exit 1\nfi\n";
			showEnvVarsInLog = 0;
		};
		5659ADA48CDB68A98224C393 /* [CP] Check Pods Manifest.lock */ = {
			isa = PBXShellScriptBuildPhase;
			buildActionMask = 2147483647;
			files = (
			);
			inputPaths = (
			);
			name = "[CP] Check Pods Manifest.lock";
			outputPaths = (
			);
			runOnlyForDeploymentPostprocessing = 0;
			shellPath = /bin/sh;
			shellScript = "diff \"${PODS_ROOT}/../Podfile.lock\" \"${PODS_ROOT}/Manifest.lock\" > /dev/null\nif [ $? != 0 ] ; then\n    # print error to STDERR\n    echo \"error: The sandbox is not in sync with the Podfile.lock. Run 'pod install' or update your CocoaPods installation.\" >&2\n    exit 1\nfi\n";
			showEnvVarsInLog = 0;
		};
		688F100F5EC207DFC0A2F3D8 /* [CP] Copy Pods Resources */ = {
			isa = PBXShellScriptBuildPhase;
			buildActionMask = 2147483647;
			files = (
			);
			inputPaths = (
			);
			name = "[CP] Copy Pods Resources";
			outputPaths = (
			);
			runOnlyForDeploymentPostprocessing = 0;
			shellPath = /bin/sh;
			shellScript = "\"${SRCROOT}/Pods/Target Support Files/Pods-UIViewControllerTransitions_Tests/Pods-UIViewControllerTransitions_Tests-resources.sh\"\n";
			showEnvVarsInLog = 0;
		};
		90372784FA951171F377635C /* [CP] Embed Pods Frameworks */ = {
			isa = PBXShellScriptBuildPhase;
			buildActionMask = 2147483647;
			files = (
			);
			inputPaths = (
			);
			name = "[CP] Embed Pods Frameworks";
			outputPaths = (
			);
			runOnlyForDeploymentPostprocessing = 0;
			shellPath = /bin/sh;
			shellScript = "\"${SRCROOT}/Pods/Target Support Files/Pods-UIViewControllerTransitions_Tests/Pods-UIViewControllerTransitions_Tests-frameworks.sh\"\n";
			showEnvVarsInLog = 0;
		};
		C6135A49126055887583AF53 /* [CP] Embed Pods Frameworks */ = {
			isa = PBXShellScriptBuildPhase;
			buildActionMask = 2147483647;
			files = (
			);
			inputPaths = (
			);
			name = "[CP] Embed Pods Frameworks";
			outputPaths = (
			);
			runOnlyForDeploymentPostprocessing = 0;
			shellPath = /bin/sh;
			shellScript = "\"${SRCROOT}/Pods/Target Support Files/Pods-UIViewControllerTransitions_Example/Pods-UIViewControllerTransitions_Example-frameworks.sh\"\n";
			showEnvVarsInLog = 0;
		};
/* End PBXShellScriptBuildPhase section */

/* Begin PBXSourcesBuildPhase section */
		6003F586195388D20070C39A /* Sources */ = {
			isa = PBXSourcesBuildPhase;
			buildActionMask = 2147483647;
			files = (
				234A7D2D1E4C64A100DA1446 /* DemoViewController.m in Sources */,
				234A7D0D1E4C646300DA1446 /* main.m in Sources */,
				234A7D2C1E4C64A100DA1446 /* DemoAppDelegate.m in Sources */,
				234A7D311E4C64A100DA1446 /* DragDropTransitionSecondViewController.m in Sources */,
				234A7D3E1E4C64A100DA1446 /* MoveTransitionSecondViewController.m in Sources */,
				234A7D341E4C64A100DA1446 /* FadeTransitionFirstViewController.m in Sources */,
				234A7D361E4C64A100DA1446 /* FadeTransitionSecondViewController.m in Sources */,
				234A7D2F1E4C64A100DA1446 /* DragDropTransitionFirstViewController.m in Sources */,
				23D385391E9CDB4400AD48D0 /* GesturePresentingSecondViewController.swift in Sources */,
				23D385351E9CD84100AD48D0 /* GesturePresentingFirstViewController.swift in Sources */,
				234A7D3C1E4C64A100DA1446 /* MoveTransitionFirstViewController.m in Sources */,
			);
			runOnlyForDeploymentPostprocessing = 0;
		};
		6003F5AA195388D20070C39A /* Sources */ = {
			isa = PBXSourcesBuildPhase;
			buildActionMask = 2147483647;
			files = (
				6003F5BC195388D20070C39A /* Tests.m in Sources */,
			);
			runOnlyForDeploymentPostprocessing = 0;
		};
/* End PBXSourcesBuildPhase section */

/* Begin PBXTargetDependency section */
		6003F5B4195388D20070C39A /* PBXTargetDependency */ = {
			isa = PBXTargetDependency;
			target = 6003F589195388D20070C39A /* UIViewControllerTransitions_Example */;
			targetProxy = 6003F5B3195388D20070C39A /* PBXContainerItemProxy */;
		};
/* End PBXTargetDependency section */

/* Begin PBXVariantGroup section */
		23857C7A1E4C67FB00F21787 /* InfoPlist.strings */ = {
			isa = PBXVariantGroup;
			children = (
				23857C7B1E4C67FB00F21787 /* en */,
			);
			name = InfoPlist.strings;
			sourceTree = "<group>";
		};
		6003F5B8195388D20070C39A /* InfoPlist.strings */ = {
			isa = PBXVariantGroup;
			children = (
				6003F5B9195388D20070C39A /* en */,
			);
			name = InfoPlist.strings;
			sourceTree = "<group>";
		};
/* End PBXVariantGroup section */

/* Begin XCBuildConfiguration section */
		6003F5BD195388D20070C39A /* Debug */ = {
			isa = XCBuildConfiguration;
			buildSettings = {
				ALWAYS_SEARCH_USER_PATHS = NO;
				CLANG_CXX_LANGUAGE_STANDARD = "gnu++0x";
				CLANG_CXX_LIBRARY = "libc++";
				CLANG_ENABLE_MODULES = YES;
				CLANG_ENABLE_OBJC_ARC = YES;
				CLANG_WARN_BOOL_CONVERSION = YES;
				CLANG_WARN_CONSTANT_CONVERSION = YES;
				CLANG_WARN_DIRECT_OBJC_ISA_USAGE = YES_ERROR;
				CLANG_WARN_EMPTY_BODY = YES;
				CLANG_WARN_ENUM_CONVERSION = YES;
				CLANG_WARN_INT_CONVERSION = YES;
				CLANG_WARN_OBJC_ROOT_CLASS = YES_ERROR;
				CLANG_WARN__DUPLICATE_METHOD_MATCH = YES;
				"CODE_SIGN_IDENTITY[sdk=iphoneos*]" = "iPhone Developer";
				COPY_PHASE_STRIP = NO;
				ENABLE_TESTABILITY = YES;
				GCC_C_LANGUAGE_STANDARD = gnu99;
				GCC_DYNAMIC_NO_PIC = NO;
				GCC_OPTIMIZATION_LEVEL = 0;
				GCC_PREPROCESSOR_DEFINITIONS = (
					"DEBUG=1",
					"$(inherited)",
				);
				GCC_SYMBOLS_PRIVATE_EXTERN = NO;
				GCC_WARN_64_TO_32_BIT_CONVERSION = YES;
				GCC_WARN_ABOUT_RETURN_TYPE = YES_ERROR;
				GCC_WARN_UNDECLARED_SELECTOR = YES;
				GCC_WARN_UNINITIALIZED_AUTOS = YES_AGGRESSIVE;
				GCC_WARN_UNUSED_FUNCTION = YES;
				GCC_WARN_UNUSED_VARIABLE = YES;
				IPHONEOS_DEPLOYMENT_TARGET = 8.3;
				ONLY_ACTIVE_ARCH = YES;
				SDKROOT = iphoneos;
				TARGETED_DEVICE_FAMILY = "1,2";
			};
			name = Debug;
		};
		6003F5BE195388D20070C39A /* Release */ = {
			isa = XCBuildConfiguration;
			buildSettings = {
				ALWAYS_SEARCH_USER_PATHS = NO;
				CLANG_CXX_LANGUAGE_STANDARD = "gnu++0x";
				CLANG_CXX_LIBRARY = "libc++";
				CLANG_ENABLE_MODULES = YES;
				CLANG_ENABLE_OBJC_ARC = YES;
				CLANG_WARN_BOOL_CONVERSION = YES;
				CLANG_WARN_CONSTANT_CONVERSION = YES;
				CLANG_WARN_DIRECT_OBJC_ISA_USAGE = YES_ERROR;
				CLANG_WARN_EMPTY_BODY = YES;
				CLANG_WARN_ENUM_CONVERSION = YES;
				CLANG_WARN_INT_CONVERSION = YES;
				CLANG_WARN_OBJC_ROOT_CLASS = YES_ERROR;
				CLANG_WARN__DUPLICATE_METHOD_MATCH = YES;
				"CODE_SIGN_IDENTITY[sdk=iphoneos*]" = "iPhone Developer";
				COPY_PHASE_STRIP = YES;
				ENABLE_NS_ASSERTIONS = NO;
				GCC_C_LANGUAGE_STANDARD = gnu99;
				GCC_WARN_64_TO_32_BIT_CONVERSION = YES;
				GCC_WARN_ABOUT_RETURN_TYPE = YES_ERROR;
				GCC_WARN_UNDECLARED_SELECTOR = YES;
				GCC_WARN_UNINITIALIZED_AUTOS = YES_AGGRESSIVE;
				GCC_WARN_UNUSED_FUNCTION = YES;
				GCC_WARN_UNUSED_VARIABLE = YES;
				IPHONEOS_DEPLOYMENT_TARGET = 8.3;
				SDKROOT = iphoneos;
				TARGETED_DEVICE_FAMILY = "1,2";
				VALIDATE_PRODUCT = YES;
			};
			name = Release;
		};
		6003F5C0195388D20070C39A /* Debug */ = {
			isa = XCBuildConfiguration;
			baseConfigurationReference = E9EABE18F8A41F65FB32BC92 /* Pods-UIViewControllerTransitions_Example.debug.xcconfig */;
			buildSettings = {
				ALWAYS_EMBED_SWIFT_STANDARD_LIBRARIES = YES;
				ASSETCATALOG_COMPILER_APPICON_NAME = AppIcon;
				ASSETCATALOG_COMPILER_LAUNCHIMAGE_NAME = LaunchImage;
				CLANG_ENABLE_MODULES = YES;
				"CODE_SIGN_IDENTITY[sdk=iphoneos*]" = "iPhone Developer";
				DEVELOPMENT_TEAM = "";
				GCC_PRECOMPILE_PREFIX_HEADER = YES;
				GCC_PREFIX_HEADER = "${PROJECT_NAME}/${PRODUCT_NAME}-Prefix.pch";
				INFOPLIST_FILE = "${PROJECT_NAME}/${PRODUCT_NAME}-Info.plist";
				IPHONEOS_DEPLOYMENT_TARGET = 8.0;
				LD_RUNPATH_SEARCH_PATHS = "$(inherited) @executable_path/Frameworks";
				MODULE_NAME = ExampleApp;
				PRODUCT_BUNDLE_IDENTIFIER = "org.cocoapods.demo.${PRODUCT_NAME:rfc1034identifier}";
				PRODUCT_NAME = "$(TARGET_NAME)";
				SWIFT_OBJC_BRIDGING_HEADER = "${PROJECT_NAME}/${PRODUCT_NAME}-Bridging-Header.h";
				SWIFT_OPTIMIZATION_LEVEL = "-Onone";
				SWIFT_VERSION = 3.0;
				WRAPPER_EXTENSION = app;
			};
			name = Debug;
		};
		6003F5C1195388D20070C39A /* Release */ = {
			isa = XCBuildConfiguration;
			baseConfigurationReference = 04582A65F794DF91D8743740 /* Pods-UIViewControllerTransitions_Example.release.xcconfig */;
			buildSettings = {
				ALWAYS_EMBED_SWIFT_STANDARD_LIBRARIES = YES;
				ASSETCATALOG_COMPILER_APPICON_NAME = AppIcon;
				ASSETCATALOG_COMPILER_LAUNCHIMAGE_NAME = LaunchImage;
				CLANG_ENABLE_MODULES = YES;
				"CODE_SIGN_IDENTITY[sdk=iphoneos*]" = "iPhone Developer";
				DEVELOPMENT_TEAM = "";
				GCC_PRECOMPILE_PREFIX_HEADER = YES;
				GCC_PREFIX_HEADER = "${PROJECT_NAME}/${PRODUCT_NAME}-Prefix.pch";
				INFOPLIST_FILE = "${PROJECT_NAME}/${PRODUCT_NAME}-Info.plist";
				IPHONEOS_DEPLOYMENT_TARGET = 8.0;
				LD_RUNPATH_SEARCH_PATHS = "$(inherited) @executable_path/Frameworks";
				MODULE_NAME = ExampleApp;
				PRODUCT_BUNDLE_IDENTIFIER = "org.cocoapods.demo.${PRODUCT_NAME:rfc1034identifier}";
				PRODUCT_NAME = "$(TARGET_NAME)";
				SWIFT_OBJC_BRIDGING_HEADER = "${PROJECT_NAME}/${PRODUCT_NAME}-Bridging-Header.h";
				SWIFT_VERSION = 3.0;
				WRAPPER_EXTENSION = app;
			};
			name = Release;
		};
		6003F5C3195388D20070C39A /* Debug */ = {
			isa = XCBuildConfiguration;
			baseConfigurationReference = 73BAF19C0A1FB5035CB5C931 /* Pods-UIViewControllerTransitions_Tests.debug.xcconfig */;
			buildSettings = {
				ALWAYS_EMBED_SWIFT_STANDARD_LIBRARIES = YES;
				BUNDLE_LOADER = "$(TEST_HOST)";
				FRAMEWORK_SEARCH_PATHS = (
					"$(SDKROOT)/Developer/Library/Frameworks",
					"$(inherited)",
					"$(DEVELOPER_FRAMEWORKS_DIR)",
				);
				GCC_PRECOMPILE_PREFIX_HEADER = YES;
				GCC_PREFIX_HEADER = "Tests/Tests-Prefix.pch";
				GCC_PREPROCESSOR_DEFINITIONS = (
					"DEBUG=1",
					"$(inherited)",
				);
				INFOPLIST_FILE = "Tests/Tests-Info.plist";
				PRODUCT_BUNDLE_IDENTIFIER = "org.cocoapods.demo.${PRODUCT_NAME:rfc1034identifier}";
				PRODUCT_NAME = "$(TARGET_NAME)";
				TEST_HOST = "$(BUILT_PRODUCTS_DIR)/UIViewControllerTransitions_Example.app/UIViewControllerTransitions_Example";
				WRAPPER_EXTENSION = xctest;
			};
			name = Debug;
		};
		6003F5C4195388D20070C39A /* Release */ = {
			isa = XCBuildConfiguration;
			baseConfigurationReference = E90FAC279C8476B56523BDCD /* Pods-UIViewControllerTransitions_Tests.release.xcconfig */;
			buildSettings = {
				ALWAYS_EMBED_SWIFT_STANDARD_LIBRARIES = YES;
				BUNDLE_LOADER = "$(TEST_HOST)";
				FRAMEWORK_SEARCH_PATHS = (
					"$(SDKROOT)/Developer/Library/Frameworks",
					"$(inherited)",
					"$(DEVELOPER_FRAMEWORKS_DIR)",
				);
				GCC_PRECOMPILE_PREFIX_HEADER = YES;
				GCC_PREFIX_HEADER = "Tests/Tests-Prefix.pch";
				INFOPLIST_FILE = "Tests/Tests-Info.plist";
				PRODUCT_BUNDLE_IDENTIFIER = "org.cocoapods.demo.${PRODUCT_NAME:rfc1034identifier}";
				PRODUCT_NAME = "$(TARGET_NAME)";
				TEST_HOST = "$(BUILT_PRODUCTS_DIR)/UIViewControllerTransitions_Example.app/UIViewControllerTransitions_Example";
				WRAPPER_EXTENSION = xctest;
			};
			name = Release;
		};
/* End XCBuildConfiguration section */

/* Begin XCConfigurationList section */
		6003F585195388D10070C39A /* Build configuration list for PBXProject "UIViewControllerTransitionsExample" */ = {
			isa = XCConfigurationList;
			buildConfigurations = (
				6003F5BD195388D20070C39A /* Debug */,
				6003F5BE195388D20070C39A /* Release */,
			);
			defaultConfigurationIsVisible = 0;
			defaultConfigurationName = Release;
		};
		6003F5BF195388D20070C39A /* Build configuration list for PBXNativeTarget "UIViewControllerTransitions_Example" */ = {
			isa = XCConfigurationList;
			buildConfigurations = (
				6003F5C0195388D20070C39A /* Debug */,
				6003F5C1195388D20070C39A /* Release */,
			);
			defaultConfigurationIsVisible = 0;
			defaultConfigurationName = Release;
		};
		6003F5C2195388D20070C39A /* Build configuration list for PBXNativeTarget "UIViewControllerTransitions_Tests" */ = {
			isa = XCConfigurationList;
			buildConfigurations = (
				6003F5C3195388D20070C39A /* Debug */,
				6003F5C4195388D20070C39A /* Release */,
			);
			defaultConfigurationIsVisible = 0;
			defaultConfigurationName = Release;
		};
/* End XCConfigurationList section */
	};
	rootObject = 6003F582195388D10070C39A /* Project object */;
}
